// !$*UTF8*$!
{
	archiveVersion = 1;
	classes = {
	};
	objectVersion = 52;
	objects = {

/* Begin PBXBuildFile section */
		29662296275F205200A89189 /* AppDelegate.swift in Sources */ = {isa = PBXBuildFile; fileRef = 29662295275F205200A89189 /* AppDelegate.swift */; };
		29662298275F205200A89189 /* SceneDelegate.swift in Sources */ = {isa = PBXBuildFile; fileRef = 29662297275F205200A89189 /* SceneDelegate.swift */; };
		2966229A275F205200A89189 /* ViewController.swift in Sources */ = {isa = PBXBuildFile; fileRef = 29662299275F205200A89189 /* ViewController.swift */; };
		2966229D275F205200A89189 /* Main.storyboard in Resources */ = {isa = PBXBuildFile; fileRef = 2966229B275F205200A89189 /* Main.storyboard */; };
		2966229F275F205900A89189 /* Assets.xcassets in Resources */ = {isa = PBXBuildFile; fileRef = 2966229E275F205900A89189 /* Assets.xcassets */; };
		296622A2275F205900A89189 /* LaunchScreen.storyboard in Resources */ = {isa = PBXBuildFile; fileRef = 296622A0275F205900A89189 /* LaunchScreen.storyboard */; };
		296622AB275F2B0B00A89189 /* NetWorkLayer.swift in Sources */ = {isa = PBXBuildFile; fileRef = 296622AA275F2B0B00A89189 /* NetWorkLayer.swift */; };
		296622AF275F2B8100A89189 /* Alamofire in Frameworks */ = {isa = PBXBuildFile; productRef = 296622AE275F2B8100A89189 /* Alamofire */; };
		296622B1275F3F0000A89189 /* TMDBModelAPI.swift in Sources */ = {isa = PBXBuildFile; fileRef = 296622B0275F3F0000A89189 /* TMDBModelAPI.swift */; };
		29BD7A902761CBA700E1C27B /* TMDBViewModel.swift in Sources */ = {isa = PBXBuildFile; fileRef = 29BD7A8F2761CBA700E1C27B /* TMDBViewModel.swift */; };
		29BD7A93276208FB00E1C27B /* UIView+IBDesignables.swift in Sources */ = {isa = PBXBuildFile; fileRef = 29BD7A92276208FB00E1C27B /* UIView+IBDesignables.swift */; };
		29BD7A9627620F3300E1C27B /* TMDBDetailViewController.swift in Sources */ = {isa = PBXBuildFile; fileRef = 29BD7A9527620F3300E1C27B /* TMDBDetailViewController.swift */; };
/* End PBXBuildFile section */

/* Begin PBXFileReference section */
		29662292275F205200A89189 /* TMDBApp.app */ = {isa = PBXFileReference; explicitFileType = wrapper.application; includeInIndex = 0; path = TMDBApp.app; sourceTree = BUILT_PRODUCTS_DIR; };
		29662295275F205200A89189 /* AppDelegate.swift */ = {isa = PBXFileReference; lastKnownFileType = sourcecode.swift; path = AppDelegate.swift; sourceTree = "<group>"; };
		29662297275F205200A89189 /* SceneDelegate.swift */ = {isa = PBXFileReference; lastKnownFileType = sourcecode.swift; path = SceneDelegate.swift; sourceTree = "<group>"; };
		29662299275F205200A89189 /* ViewController.swift */ = {isa = PBXFileReference; lastKnownFileType = sourcecode.swift; path = ViewController.swift; sourceTree = "<group>"; };
		2966229C275F205200A89189 /* Base */ = {isa = PBXFileReference; lastKnownFileType = file.storyboard; name = Base; path = Base.lproj/Main.storyboard; sourceTree = "<group>"; };
		2966229E275F205900A89189 /* Assets.xcassets */ = {isa = PBXFileReference; lastKnownFileType = folder.assetcatalog; path = Assets.xcassets; sourceTree = "<group>"; };
		296622A1275F205900A89189 /* Base */ = {isa = PBXFileReference; lastKnownFileType = file.storyboard; name = Base; path = Base.lproj/LaunchScreen.storyboard; sourceTree = "<group>"; };
		296622A3275F205900A89189 /* Info.plist */ = {isa = PBXFileReference; lastKnownFileType = text.plist.xml; path = Info.plist; sourceTree = "<group>"; };
		296622AA275F2B0B00A89189 /* NetWorkLayer.swift */ = {isa = PBXFileReference; fileEncoding = 4; lastKnownFileType = sourcecode.swift; path = NetWorkLayer.swift; sourceTree = "<group>"; };
		296622B0275F3F0000A89189 /* TMDBModelAPI.swift */ = {isa = PBXFileReference; lastKnownFileType = sourcecode.swift; path = TMDBModelAPI.swift; sourceTree = "<group>"; };
		29BD7A8F2761CBA700E1C27B /* TMDBViewModel.swift */ = {isa = PBXFileReference; lastKnownFileType = sourcecode.swift; path = TMDBViewModel.swift; sourceTree = "<group>"; };
		29BD7A92276208FB00E1C27B /* UIView+IBDesignables.swift */ = {isa = PBXFileReference; lastKnownFileType = sourcecode.swift; path = "UIView+IBDesignables.swift"; sourceTree = "<group>"; };
		29BD7A9527620F3300E1C27B /* TMDBDetailViewController.swift */ = {isa = PBXFileReference; lastKnownFileType = sourcecode.swift; path = TMDBDetailViewController.swift; sourceTree = "<group>"; };
/* End PBXFileReference section */

/* Begin PBXFrameworksBuildPhase section */
		2966228F275F205200A89189 /* Frameworks */ = {
			isa = PBXFrameworksBuildPhase;
			buildActionMask = 2147483647;
			files = (
				296622AF275F2B8100A89189 /* Alamofire in Frameworks */,
			);
			runOnlyForDeploymentPostprocessing = 0;
		};
/* End PBXFrameworksBuildPhase section */

/* Begin PBXGroup section */
		294A64B32760EDF400220316 /* TMDBModel */ = {
			isa = PBXGroup;
			children = (
				296622B0275F3F0000A89189 /* TMDBModelAPI.swift */,
			);
			path = TMDBModel;
			sourceTree = "<group>";
		};
		29662289275F205200A89189 = {
			isa = PBXGroup;
			children = (
				29662294275F205200A89189 /* TMDBApp */,
				29662293275F205200A89189 /* Products */,
			);
			sourceTree = "<group>";
		};
		29662293275F205200A89189 /* Products */ = {
			isa = PBXGroup;
			children = (
				29662292275F205200A89189 /* TMDBApp.app */,
			);
			name = Products;
			sourceTree = "<group>";
		};
		29662294275F205200A89189 /* TMDBApp */ = {
			isa = PBXGroup;
			children = (
				29BD7A9427620F1B00E1C27B /* TMDBDetail */,
				29BD7A91276208E000E1C27B /* Designables */,
				29BD7A8E2761CB9000E1C27B /* TMDBViewModel */,
				294A64B32760EDF400220316 /* TMDBModel */,
				296622A9275F2AD800A89189 /* NetworkLayer */,
				29662295275F205200A89189 /* AppDelegate.swift */,
				29662297275F205200A89189 /* SceneDelegate.swift */,
				29662299275F205200A89189 /* ViewController.swift */,
				2966229B275F205200A89189 /* Main.storyboard */,
				2966229E275F205900A89189 /* Assets.xcassets */,
				296622A0275F205900A89189 /* LaunchScreen.storyboard */,
				296622A3275F205900A89189 /* Info.plist */,
			);
			path = TMDBApp;
			sourceTree = "<group>";
		};
		296622A9275F2AD800A89189 /* NetworkLayer */ = {
			isa = PBXGroup;
			children = (
				296622AA275F2B0B00A89189 /* NetWorkLayer.swift */,
			);
			path = NetworkLayer;
			sourceTree = "<group>";
		};
		29BD7A8E2761CB9000E1C27B /* TMDBViewModel */ = {
			isa = PBXGroup;
			children = (
				29BD7A8F2761CBA700E1C27B /* TMDBViewModel.swift */,
			);
			path = TMDBViewModel;
			sourceTree = "<group>";
		};
		29BD7A91276208E000E1C27B /* Designables */ = {
			isa = PBXGroup;
			children = (
				29BD7A92276208FB00E1C27B /* UIView+IBDesignables.swift */,
			);
			path = Designables;
			sourceTree = "<group>";
		};
		29BD7A9427620F1B00E1C27B /* TMDBDetail */ = {
			isa = PBXGroup;
			children = (
				29BD7A9527620F3300E1C27B /* TMDBDetailViewController.swift */,
			);
			path = TMDBDetail;
			sourceTree = "<group>";
		};
/* End PBXGroup section */

/* Begin PBXNativeTarget section */
		29662291275F205200A89189 /* TMDBApp */ = {
			isa = PBXNativeTarget;
			buildConfigurationList = 296622A6275F205900A89189 /* Build configuration list for PBXNativeTarget "TMDBApp" */;
			buildPhases = (
				2966228E275F205200A89189 /* Sources */,
				2966228F275F205200A89189 /* Frameworks */,
				29662290275F205200A89189 /* Resources */,
			);
			buildRules = (
			);
			dependencies = (
			);
			name = TMDBApp;
			packageProductDependencies = (
				296622AE275F2B8100A89189 /* Alamofire */,
			);
			productName = TMDBApp;
			productReference = 29662292275F205200A89189 /* TMDBApp.app */;
			productType = "com.apple.product-type.application";
		};
/* End PBXNativeTarget section */

/* Begin PBXProject section */
		2966228A275F205200A89189 /* Project object */ = {
			isa = PBXProject;
			attributes = {
				LastSwiftUpdateCheck = 1250;
				LastUpgradeCheck = 1250;
				TargetAttributes = {
					29662291275F205200A89189 = {
						CreatedOnToolsVersion = 12.5.1;
					};
				};
			};
			buildConfigurationList = 2966228D275F205200A89189 /* Build configuration list for PBXProject "TMDBApp" */;
			compatibilityVersion = "Xcode 9.3";
			developmentRegion = en;
			hasScannedForEncodings = 0;
			knownRegions = (
				en,
				Base,
			);
			mainGroup = 29662289275F205200A89189;
			packageReferences = (
				296622AD275F2B8100A89189 /* XCRemoteSwiftPackageReference "Alamofire" */,
			);
			productRefGroup = 29662293275F205200A89189 /* Products */;
			projectDirPath = "";
			projectRoot = "";
			targets = (
				29662291275F205200A89189 /* TMDBApp */,
			);
		};
/* End PBXProject section */

/* Begin PBXResourcesBuildPhase section */
		29662290275F205200A89189 /* Resources */ = {
			isa = PBXResourcesBuildPhase;
			buildActionMask = 2147483647;
			files = (
				296622A2275F205900A89189 /* LaunchScreen.storyboard in Resources */,
				2966229F275F205900A89189 /* Assets.xcassets in Resources */,
				2966229D275F205200A89189 /* Main.storyboard in Resources */,
			);
			runOnlyForDeploymentPostprocessing = 0;
		};
/* End PBXResourcesBuildPhase section */

/* Begin PBXSourcesBuildPhase section */
		2966228E275F205200A89189 /* Sources */ = {
			isa = PBXSourcesBuildPhase;
			buildActionMask = 2147483647;
			files = (
				296622AB275F2B0B00A89189 /* NetWorkLayer.swift in Sources */,
				29BD7A902761CBA700E1C27B /* TMDBViewModel.swift in Sources */,
				29BD7A9627620F3300E1C27B /* TMDBDetailViewController.swift in Sources */,
				2966229A275F205200A89189 /* ViewController.swift in Sources */,
				296622B1275F3F0000A89189 /* TMDBModelAPI.swift in Sources */,
				29662296275F205200A89189 /* AppDelegate.swift in Sources */,
				29BD7A93276208FB00E1C27B /* UIView+IBDesignables.swift in Sources */,
				29662298275F205200A89189 /* SceneDelegate.swift in Sources */,
			);
			runOnlyForDeploymentPostprocessing = 0;
		};
/* End PBXSourcesBuildPhase section */

/* Begin PBXVariantGroup section */
		2966229B275F205200A89189 /* Main.storyboard */ = {
			isa = PBXVariantGroup;
			children = (
				2966229C275F205200A89189 /* Base */,
			);
			name = Main.storyboard;
			sourceTree = "<group>";
		};
		296622A0275F205900A89189 /* LaunchScreen.storyboard */ = {
			isa = PBXVariantGroup;
			children = (
				296622A1275F205900A89189 /* Base */,
			);
			name = LaunchScreen.storyboard;
			sourceTree = "<group>";
		};
/* End PBXVariantGroup section */

/* Begin XCBuildConfiguration section */
		296622A4275F205900A89189 /* Debug */ = {
			isa = XCBuildConfiguration;
			buildSettings = {
				ALWAYS_SEARCH_USER_PATHS = NO;
				CLANG_ANALYZER_NONNULL = YES;
				CLANG_ANALYZER_NUMBER_OBJECT_CONVERSION = YES_AGGRESSIVE;
				CLANG_CXX_LANGUAGE_STANDARD = "gnu++14";
				CLANG_CXX_LIBRARY = "libc++";
				CLANG_ENABLE_MODULES = YES;
				CLANG_ENABLE_OBJC_ARC = YES;
				CLANG_ENABLE_OBJC_WEAK = YES;
				CLANG_WARN_BLOCK_CAPTURE_AUTORELEASING = YES;
				CLANG_WARN_BOOL_CONVERSION = YES;
				CLANG_WARN_COMMA = YES;
				CLANG_WARN_CONSTANT_CONVERSION = YES;
				CLANG_WARN_DEPRECATED_OBJC_IMPLEMENTATIONS = YES;
				CLANG_WARN_DIRECT_OBJC_ISA_USAGE = YES_ERROR;
				CLANG_WARN_DOCUMENTATION_COMMENTS = YES;
				CLANG_WARN_EMPTY_BODY = YES;
				CLANG_WARN_ENUM_CONVERSION = YES;
				CLANG_WARN_INFINITE_RECURSION = YES;
				CLANG_WARN_INT_CONVERSION = YES;
				CLANG_WARN_NON_LITERAL_NULL_CONVERSION = YES;
				CLANG_WARN_OBJC_IMPLICIT_RETAIN_SELF = YES;
				CLANG_WARN_OBJC_LITERAL_CONVERSION = YES;
				CLANG_WARN_OBJC_ROOT_CLASS = YES_ERROR;
				CLANG_WARN_QUOTED_INCLUDE_IN_FRAMEWORK_HEADER = YES;
				CLANG_WARN_RANGE_LOOP_ANALYSIS = YES;
				CLANG_WARN_STRICT_PROTOTYPES = YES;
				CLANG_WARN_SUSPICIOUS_MOVE = YES;
				CLANG_WARN_UNGUARDED_AVAILABILITY = YES_AGGRESSIVE;
				CLANG_WARN_UNREACHABLE_CODE = YES;
				CLANG_WARN__DUPLICATE_METHOD_MATCH = YES;
				COPY_PHASE_STRIP = NO;
				DEBUG_INFORMATION_FORMAT = dwarf;
				ENABLE_STRICT_OBJC_MSGSEND = YES;
				ENABLE_TESTABILITY = YES;
				GCC_C_LANGUAGE_STANDARD = gnu11;
				GCC_DYNAMIC_NO_PIC = NO;
				GCC_NO_COMMON_BLOCKS = YES;
				GCC_OPTIMIZATION_LEVEL = 0;
				GCC_PREPROCESSOR_DEFINITIONS = (
					"DEBUG=1",
					"$(inherited)",
				);
				GCC_WARN_64_TO_32_BIT_CONVERSION = YES;
				GCC_WARN_ABOUT_RETURN_TYPE = YES_ERROR;
				GCC_WARN_UNDECLARED_SELECTOR = YES;
				GCC_WARN_UNINITIALIZED_AUTOS = YES_AGGRESSIVE;
				GCC_WARN_UNUSED_FUNCTION = YES;
				GCC_WARN_UNUSED_VARIABLE = YES;
				IPHONEOS_DEPLOYMENT_TARGET = 14.5;
				MTL_ENABLE_DEBUG_INFO = INCLUDE_SOURCE;
				MTL_FAST_MATH = YES;
				ONLY_ACTIVE_ARCH = YES;
				SDKROOT = iphoneos;
				SWIFT_ACTIVE_COMPILATION_CONDITIONS = DEBUG;
				SWIFT_OPTIMIZATION_LEVEL = "-Onone";
			};
			name = Debug;
		};
		296622A5275F205900A89189 /* Release */ = {
			isa = XCBuildConfiguration;
			buildSettings = {
				ALWAYS_SEARCH_USER_PATHS = NO;
				CLANG_ANALYZER_NONNULL = YES;
				CLANG_ANALYZER_NUMBER_OBJECT_CONVERSION = YES_AGGRESSIVE;
				CLANG_CXX_LANGUAGE_STANDARD = "gnu++14";
				CLANG_CXX_LIBRARY = "libc++";
				CLANG_ENABLE_MODULES = YES;
				CLANG_ENABLE_OBJC_ARC = YES;
				CLANG_ENABLE_OBJC_WEAK = YES;
				CLANG_WARN_BLOCK_CAPTURE_AUTORELEASING = YES;
				CLANG_WARN_BOOL_CONVERSION = YES;
				CLANG_WARN_COMMA = YES;
				CLANG_WARN_CONSTANT_CONVERSION = YES;
				CLANG_WARN_DEPRECATED_OBJC_IMPLEMENTATIONS = YES;
				CLANG_WARN_DIRECT_OBJC_ISA_USAGE = YES_ERROR;
				CLANG_WARN_DOCUMENTATION_COMMENTS = YES;
				CLANG_WARN_EMPTY_BODY = YES;
				CLANG_WARN_ENUM_CONVERSION = YES;
				CLANG_WARN_INFINITE_RECURSION = YES;
				CLANG_WARN_INT_CONVERSION = YES;
				CLANG_WARN_NON_LITERAL_NULL_CONVERSION = YES;
				CLANG_WARN_OBJC_IMPLICIT_RETAIN_SELF = YES;
				CLANG_WARN_OBJC_LITERAL_CONVERSION = YES;
				CLANG_WARN_OBJC_ROOT_CLASS = YES_ERROR;
				CLANG_WARN_QUOTED_INCLUDE_IN_FRAMEWORK_HEADER = YES;
				CLANG_WARN_RANGE_LOOP_ANALYSIS = YES;
				CLANG_WARN_STRICT_PROTOTYPES = YES;
				CLANG_WARN_SUSPICIOUS_MOVE = YES;
				CLANG_WARN_UNGUARDED_AVAILABILITY = YES_AGGRESSIVE;
				CLANG_WARN_UNREACHABLE_CODE = YES;
				CLANG_WARN__DUPLICATE_METHOD_MATCH = YES;
				COPY_PHASE_STRIP = NO;
				DEBUG_INFORMATION_FORMAT = "dwarf-with-dsym";
				ENABLE_NS_ASSERTIONS = NO;
				ENABLE_STRICT_OBJC_MSGSEND = YES;
				GCC_C_LANGUAGE_STANDARD = gnu11;
				GCC_NO_COMMON_BLOCKS = YES;
				GCC_WARN_64_TO_32_BIT_CONVERSION = YES;
				GCC_WARN_ABOUT_RETURN_TYPE = YES_ERROR;
				GCC_WARN_UNDECLARED_SELECTOR = YES;
				GCC_WARN_UNINITIALIZED_AUTOS = YES_AGGRESSIVE;
				GCC_WARN_UNUSED_FUNCTION = YES;
				GCC_WARN_UNUSED_VARIABLE = YES;
				IPHONEOS_DEPLOYMENT_TARGET = 14.5;
				MTL_ENABLE_DEBUG_INFO = NO;
				MTL_FAST_MATH = YES;
				SDKROOT = iphoneos;
				SWIFT_COMPILATION_MODE = wholemodule;
				SWIFT_OPTIMIZATION_LEVEL = "-O";
				VALIDATE_PRODUCT = YES;
			};
			name = Release;
		};
		296622A7275F205900A89189 /* Debug */ = {
			isa = XCBuildConfiguration;
			buildSettings = {
				ASSETCATALOG_COMPILER_APPICON_NAME = AppIcon;
				ASSETCATALOG_COMPILER_GLOBAL_ACCENT_COLOR_NAME = AccentColor;
				CODE_SIGN_STYLE = Automatic;
				DEVELOPMENT_TEAM = 469RK4A4GN;
				INFOPLIST_FILE = TMDBApp/Info.plist;
				IPHONEOS_DEPLOYMENT_TARGET = 14.1;
				LD_RUNPATH_SEARCH_PATHS = (
					"$(inherited)",
					"@executable_path/Frameworks",
				);
				PRODUCT_BUNDLE_IDENTIFIER = v.apple.app.TMDBApp;
				PRODUCT_NAME = "$(TARGET_NAME)";
				SWIFT_VERSION = 5.0;
				TARGETED_DEVICE_FAMILY = "1,2";
			};
			name = Debug;
		};
		296622A8275F205900A89189 /* Release */ = {
			isa = XCBuildConfiguration;
			buildSettings = {
				ASSETCATALOG_COMPILER_APPICON_NAME = AppIcon;
				ASSETCATALOG_COMPILER_GLOBAL_ACCENT_COLOR_NAME = AccentColor;
				CODE_SIGN_STYLE = Automatic;
				DEVELOPMENT_TEAM = 469RK4A4GN;
				INFOPLIST_FILE = TMDBApp/Info.plist;
				IPHONEOS_DEPLOYMENT_TARGET = 14.1;
				LD_RUNPATH_SEARCH_PATHS = (
					"$(inherited)",
					"@executable_path/Frameworks",
				);
				PRODUCT_BUNDLE_IDENTIFIER = v.apple.app.TMDBApp;
				PRODUCT_NAME = "$(TARGET_NAME)";
				SWIFT_VERSION = 5.0;
				TARGETED_DEVICE_FAMILY = "1,2";
			};
			name = Release;
		};
/* End XCBuildConfiguration section */

/* Begin XCConfigurationList section */
		2966228D275F205200A89189 /* Build configuration list for PBXProject "TMDBApp" */ = {
			isa = XCConfigurationList;
			buildConfigurations = (
				296622A4275F205900A89189 /* Debug */,
				296622A5275F205900A89189 /* Release */,
			);
			defaultConfigurationIsVisible = 0;
			defaultConfigurationName = Release;
		};
		296622A6275F205900A89189 /* Build configuration list for PBXNativeTarget "TMDBApp" */ = {
			isa = XCConfigurationList;
			buildConfigurations = (
				296622A7275F205900A89189 /* Debug */,
				296622A8275F205900A89189 /* Release */,
			);
			defaultConfigurationIsVisible = 0;
			defaultConfigurationName = Release;
		};
/* End XCConfigurationList section */

/* Begin XCRemoteSwiftPackageReference section */
		296622AD275F2B8100A89189 /* XCRemoteSwiftPackageReference "Alamofire" */ = {
			isa = XCRemoteSwiftPackageReference;
			repositoryURL = "https://github.com/Alamofire/Alamofire.git";
			requirement = {
				kind = upToNextMajorVersion;
				minimumVersion = 5.4.4;
			};
		};
/* End XCRemoteSwiftPackageReference section */

/* Begin XCSwiftPackageProductDependency section */
		296622AE275F2B8100A89189 /* Alamofire */ = {
			isa = XCSwiftPackageProductDependency;
			package = 296622AD275F2B8100A89189 /* XCRemoteSwiftPackageReference "Alamofire" */;
			productName = Alamofire;
		};
/* End XCSwiftPackageProductDependency section */
	};
	rootObject = 2966228A275F205200A89189 /* Project object */;
}
